<?xml version="1.0" encoding="utf-8"?>
<Project ToolsVersion="4.0" xmlns="http://schemas.microsoft.com/developer/msbuild/2003">
  <ItemGroup>
    <Filter Include="소스 파일">
      <UniqueIdentifier>{4FC737F1-C7A5-4376-A066-2A32D752A2FF}</UniqueIdentifier>
      <Extensions>cpp;c;cc;cxx;def;odl;idl;hpj;bat;asm;asmx</Extensions>
    </Filter>
    <Filter Include="헤더 파일">
      <UniqueIdentifier>{93995380-89BD-4b04-88EB-625FBE52EBFB}</UniqueIdentifier>
      <Extensions>h;hh;hpp;hxx;hm;inl;inc;ipp;xsd</Extensions>
    </Filter>
    <Filter Include="리소스 파일">
      <UniqueIdentifier>{67DA6AB6-F800-4c08-8B7A-83BB121AAD01}</UniqueIdentifier>
      <Extensions>rc;ico;cur;bmp;dlg;rc2;rct;bin;rgs;gif;jpg;jpeg;jpe;resx;tiff;tif;png;wav;mfcribbon-ms</Extensions>
    </Filter>
    <Filter Include="Game">
      <UniqueIdentifier>{f8766f6a-080d-48f6-8223-d280c8eb3b7a}</UniqueIdentifier>
    </Filter>
    <Filter Include="Global">
      <UniqueIdentifier>{65b19c93-5bcb-44f7-84db-2bb96c692802}</UniqueIdentifier>
    </Filter>
    <Filter Include="Manager">
      <UniqueIdentifier>{6230f87b-4133-4f3b-99a9-f2189d1d8834}</UniqueIdentifier>
    </Filter>
    <Filter Include="Scene">
      <UniqueIdentifier>{bc989a8d-aef2-4979-8033-3141f897a860}</UniqueIdentifier>
    </Filter>
    <Filter Include="Scene\Sub">
      <UniqueIdentifier>{2071a6a7-069c-40c8-a07f-ed78095dbccb}</UniqueIdentifier>
    </Filter>
    <Filter Include="Game\Object">
      <UniqueIdentifier>{fc480b6e-5f18-48ce-acfd-da436bcb0eca}</UniqueIdentifier>
    </Filter>
  </ItemGroup>
  <ItemGroup>
    <ClInclude Include="Define.h">
      <Filter>Global</Filter>
    </ClInclude>
    <ClInclude Include="pch.h">
      <Filter>Global</Filter>
    </ClInclude>
    <ClInclude Include="SceneManager.h">
      <Filter>Manager</Filter>
    </ClInclude>
    <ClInclude Include="Scene.h">
      <Filter>Scene</Filter>
    </ClInclude>
    <ClInclude Include="SceneFactory.h">
      <Filter>Scene</Filter>
    </ClInclude>
    <ClInclude Include="Application.h">
      <Filter>헤더 파일</Filter>
    </ClInclude>
    <ClInclude Include="MapObject.h">
      <Filter>Game</Filter>
    </ClInclude>
    <ClInclude Include="Block.h">
      <Filter>Game\Object</Filter>
    </ClInclude>
    <ClInclude Include="Mine.h">
      <Filter>Game\Object</Filter>
    </ClInclude>
    <ClInclude Include="Pointer.h">
      <Filter>Game\Object</Filter>
    </ClInclude>
    <ClInclude Include="GameManager.h">
      <Filter>Manager</Filter>
    </ClInclude>
    <ClInclude Include="IntroScene.h">
      <Filter>Scene\Sub</Filter>
    </ClInclude>
    <ClInclude Include="OverScene.h">
      <Filter>Scene\Sub</Filter>
    </ClInclude>
    <ClInclude Include="GameScene.h">
      <Filter>Scene\Sub</Filter>
    </ClInclude>
    <ClInclude Include="ConfigScene.h">
      <Filter>Scene\Sub</Filter>
    </ClInclude>
    <ClInclude Include="FinishScene.h">
      <Filter>Scene\Sub</Filter>
    </ClInclude>
  </ItemGroup>
  <ItemGroup>
    <ClCompile Include="08_27_MineSweeper.cpp">
      <Filter>소스 파일</Filter>
    </ClCompile>
    <ClCompile Include="Application.cpp">
      <Filter>소스 파일</Filter>
    </ClCompile>
    <ClCompile Include="pch.cpp">
      <Filter>Global</Filter>
    </ClCompile>
    <ClCompile Include="Define.cpp">
      <Filter>Global</Filter>
    </ClCompile>
    <ClCompile Include="SceneManager.cpp">
      <Filter>Manager</Filter>
    </ClCompile>
    <ClCompile Include="Scene.cpp">
      <Filter>Scene</Filter>
    </ClCompile>
    <ClCompile Include="SceneFactory.cpp">
      <Filter>Scene</Filter>
    </ClCompile>
    <ClCompile Include="MapObject.cpp">
      <Filter>Game</Filter>
    </ClCompile>
    <ClCompile Include="Block.cpp">
      <Filter>Game\Object</Filter>
    </ClCompile>
    <ClCompile Include="Mine.cpp">
      <Filter>Game\Object</Filter>
    </ClCompile>
    <ClCompile Include="Pointer.cpp">
      <Filter>Game\Object</Filter>
    </ClCompile>
    <ClCompile Include="GameManager.cpp">
      <Filter>Manager</Filter>
    </ClCompile>
    <ClCompile Include="IntroScene.cpp">
      <Filter>Scene\Sub</Filter>
    </ClCompile>
    <ClCompile Include="OverScene.cpp">
      <Filter>Scene\Sub</Filter>
    </ClCompile>
    <ClCompile Include="GameScene.cpp">
      <Filter>Scene\Sub</Filter>
    </ClCompile>
    <ClCompile Include="ConfigScene.cpp">
      <Filter>Scene\Sub</Filter>
    </ClCompile>
    <ClCompile Include="FinishScene.cpp">
      <Filter>Scene\Sub</Filter>
    </ClCompile>
  </ItemGroup>
</Project>